
Microsoft Visual Studio Solution File, Format Version 12.00
# Visual Studio Version 17
VisualStudioVersion = 17.3.32901.215
MinimumVisualStudioVersion = 10.0.40219.1
Project("{9A19103F-16F7-4668-BE54-9A1E7A4F7556}") = "CrudApplication", "CrudApplication\CrudApplication.csproj", "{464E66FD-ED85-4923-BEA2-0D92B8E1AF91}"
EndProject
Project("{FAE04EC0-301F-11D3-BF4B-00C04F79EFBC}") = "UnitTests", "UnitTests\UnitTests.csproj", "{52E2791A-78B4-468C-AE1B-365F7696F72B}"
EndProject
Global
	GlobalSection(SolutionConfigurationPlatforms) = preSolution
		Debug|Any CPU = Debug|Any CPU
		Release|Any CPU = Release|Any CPU
	EndGlobalSection
	GlobalSection(ProjectConfigurationPlatforms) = postSolution
		{464E66FD-ED85-4923-BEA2-0D92B8E1AF91}.Debug|Any CPU.ActiveCfg = Debug|Any CPU
		{464E66FD-ED85-4923-BEA2-0D92B8E1AF91}.Debug|Any CPU.Build.0 = Debug|Any CPU
		{464E66FD-ED85-4923-BEA2-0D92B8E1AF91}.Release|Any CPU.ActiveCfg = Release|Any CPU
		{464E66FD-ED85-4923-BEA2-0D92B8E1AF91}.Release|Any CPU.Build.0 = Release|Any CPU
		{52E2791A-78B4-468C-AE1B-365F7696F72B}.Debug|Any CPU.ActiveCfg = Debug|Any CPU
		{52E2791A-78B4-468C-AE1B-365F7696F72B}.Debug|Any CPU.Build.0 = Debug|Any CPU
		{52E2791A-78B4-468C-AE1B-365F7696F72B}.Release|Any CPU.ActiveCfg = Release|Any CPU
		{52E2791A-78B4-468C-AE1B-365F7696F72B}.Release|Any CPU.Build.0 = Release|Any CPU
	EndGlobalSection
	GlobalSection(SolutionProperties) = preSolution
		HideSolutionNode = FALSE
	EndGlobalSection
	GlobalSection(ExtensibilityGlobals) = postSolution
		SolutionGuid = {A87902C6-5C5C-49E5-9F06-8316EABF4C76}
	EndGlobalSection
EndGlobal
